
Microsoft Visual Studio Solution File, Format Version 12.00
# Visual Studio 15
VisualStudioVersion = 15.0.28307.902
MinimumVisualStudioVersion = 10.0.40219.1
Project("{FAE04EC0-301F-11D3-BF4B-00C04F79EFBC}") = "SalesTaxes", "SalesTaxes\SalesTaxes.csproj", "{5C43C8E5-0BCE-415F-8966-221C5A5CAF80}"
EndProject
Project("{FAE04EC0-301F-11D3-BF4B-00C04F79EFBC}") = "SalesTaxes.Tests", "SalesTaxes.Tests\SalesTaxes.Tests.csproj", "{5517723B-43F1-42D3-ABDC-ED399C841F15}"
EndProject
Project("{FAE04EC0-301F-11D3-BF4B-00C04F79EFBC}") = "SalesTaxes.Application", "SalesTaxes.Application\SalesTaxes.Application.csproj", "{1F4CB19B-1A97-479D-9FDE-06A98B5FD807}"
EndProject
Global
	GlobalSection(SolutionConfigurationPlatforms) = preSolution
		Debug|Any CPU = Debug|Any CPU
		Release|Any CPU = Release|Any CPU
	EndGlobalSection
	GlobalSection(ProjectConfigurationPlatforms) = postSolution
		{5C43C8E5-0BCE-415F-8966-221C5A5CAF80}.Debug|Any CPU.ActiveCfg = Debug|Any CPU
		{5C43C8E5-0BCE-415F-8966-221C5A5CAF80}.Debug|Any CPU.Build.0 = Debug|Any CPU
		{5C43C8E5-0BCE-415F-8966-221C5A5CAF80}.Release|Any CPU.ActiveCfg = Release|Any CPU
		{5C43C8E5-0BCE-415F-8966-221C5A5CAF80}.Release|Any CPU.Build.0 = Release|Any CPU
		{5517723B-43F1-42D3-ABDC-ED399C841F15}.Debug|Any CPU.ActiveCfg = Debug|Any CPU
		{5517723B-43F1-42D3-ABDC-ED399C841F15}.Debug|Any CPU.Build.0 = Debug|Any CPU
		{5517723B-43F1-42D3-ABDC-ED399C841F15}.Release|Any CPU.ActiveCfg = Release|Any CPU
		{5517723B-43F1-42D3-ABDC-ED399C841F15}.Release|Any CPU.Build.0 = Release|Any CPU
		{1F4CB19B-1A97-479D-9FDE-06A98B5FD807}.Debug|Any CPU.ActiveCfg = Debug|Any CPU
		{1F4CB19B-1A97-479D-9FDE-06A98B5FD807}.Debug|Any CPU.Build.0 = Debug|Any CPU
		{1F4CB19B-1A97-479D-9FDE-06A98B5FD807}.Release|Any CPU.ActiveCfg = Release|Any CPU
		{1F4CB19B-1A97-479D-9FDE-06A98B5FD807}.Release|Any CPU.Build.0 = Release|Any CPU
	EndGlobalSection
	GlobalSection(SolutionProperties) = preSolution
		HideSolutionNode = FALSE
	EndGlobalSection
	GlobalSection(ExtensibilityGlobals) = postSolution
		SolutionGuid = {DDD299CD-3175-41EB-A66D-F30DB1109DCD}
	EndGlobalSection
EndGlobal
